
Microsoft Visual Studio Solution File, Format Version 12.00
# Visual Studio Version 17
VisualStudioVersion = 17.0.31903.59
MinimumVisualStudioVersion = 10.0.40219.1
Project("{FAE04EC0-301F-11D3-BF4B-00C04F79EFBC}") = "snapPrices", "snapPrices\snapPrices.csproj", "{FDACE50C-4F38-47F4-9373-97E31B4A66C1}"
EndProject
Global
	GlobalSection(SolutionConfigurationPlatforms) = preSolution
		Debug|Any CPU = Debug|Any CPU
		Release|Any CPU = Release|Any CPU
	EndGlobalSection
	GlobalSection(ProjectConfigurationPlatforms) = postSolution
		{FDACE50C-4F38-47F4-9373-97E31B4A66C1}.Debug|Any CPU.ActiveCfg = Debug|Any CPU
		{FDACE50C-4F38-47F4-9373-97E31B4A66C1}.Debug|Any CPU.Build.0 = Debug|Any CPU
		{FDACE50C-4F38-47F4-9373-97E31B4A66C1}.Release|Any CPU.ActiveCfg = Release|Any CPU
		{FDACE50C-4F38-47F4-9373-97E31B4A66C1}.Release|Any CPU.Build.0 = Release|Any CPU
	EndGlobalSection
	GlobalSection(SolutionProperties) = preSolution
		HideSolutionNode = FALSE
	EndGlobalSection
	GlobalSection(ExtensibilityGlobals) = postSolution
		SolutionGuid = {3B6B26DC-E909-4B09-9AF8-FC45E31B6997}
	EndGlobalSection
EndGlobal
